
Microsoft Visual Studio Solution File, Format Version 12.00
# Visual Studio Version 16
VisualStudioVersion = 16.0.30204.135
MinimumVisualStudioVersion = 10.0.40219.1
Project("{FAE04EC0-301F-11D3-BF4B-00C04F79EFBC}") = "JokeApp", "JokeApp\JokeApp.csproj", "{6639971C-F5AA-4243-B7B8-DB17282F3834}"
EndProject
Global
	GlobalSection(SolutionConfigurationPlatforms) = preSolution
		Debug|Any CPU = Debug|Any CPU
		Release|Any CPU = Release|Any CPU
	EndGlobalSection
	GlobalSection(ProjectConfigurationPlatforms) = postSolution
		{6639971C-F5AA-4243-B7B8-DB17282F3834}.Debug|Any CPU.ActiveCfg = Debug|Any CPU
		{6639971C-F5AA-4243-B7B8-DB17282F3834}.Debug|Any CPU.Build.0 = Debug|Any CPU
		{6639971C-F5AA-4243-B7B8-DB17282F3834}.Release|Any CPU.ActiveCfg = Release|Any CPU
		{6639971C-F5AA-4243-B7B8-DB17282F3834}.Release|Any CPU.Build.0 = Release|Any CPU
	EndGlobalSection
	GlobalSection(SolutionProperties) = preSolution
		HideSolutionNode = FALSE
	EndGlobalSection
	GlobalSection(ExtensibilityGlobals) = postSolution
		SolutionGuid = {25BD9A32-C3C6-4B32-9942-A465983E8DCA}
	EndGlobalSection
EndGlobal
